// !$*UTF8*$!
{
	archiveVersion = 1;
	classes = {
	};
	objectVersion = 56;
	objects = {

/* Begin PBXBuildFile section */
		1135F49E2C216B4400DB9E28 /* VoteVaultApp.swift in Sources */ = {isa = PBXBuildFile; fileRef = 1135F49D2C216B4400DB9E28 /* VoteVaultApp.swift */; };
		1135F4A22C216B4500DB9E28 /* Assets.xcassets in Resources */ = {isa = PBXBuildFile; fileRef = 1135F4A12C216B4500DB9E28 /* Assets.xcassets */; };
		1135F4A52C216B4500DB9E28 /* Preview Assets.xcassets in Resources */ = {isa = PBXBuildFile; fileRef = 1135F4A42C216B4500DB9E28 /* Preview Assets.xcassets */; };
		1135F4B02C216B8300DB9E28 /* HomeView.swift in Sources */ = {isa = PBXBuildFile; fileRef = 1135F4AF2C216B8300DB9E28 /* HomeView.swift */; };
		1135F4B22C217F8000DB9E28 /* DetailView.swift in Sources */ = {isa = PBXBuildFile; fileRef = 1135F4B12C217F8000DB9E28 /* DetailView.swift */; };
		1135F4B52C21A7F700DB9E28 /* PartyModel.swift in Sources */ = {isa = PBXBuildFile; fileRef = 1135F4B42C21A7F700DB9E28 /* PartyModel.swift */; };
		1135F4B72C21A93800DB9E28 /* DetailViewModel.swift in Sources */ = {isa = PBXBuildFile; fileRef = 1135F4B62C21A93800DB9E28 /* DetailViewModel.swift */; };
		1135F4B92C21AAD200DB9E28 /* PartyStore.swift in Sources */ = {isa = PBXBuildFile; fileRef = 1135F4B82C21AAD200DB9E28 /* PartyStore.swift */; };
		1135F4C02C21BB5000DB9E28 /* PartyRowView.swift in Sources */ = {isa = PBXBuildFile; fileRef = 1135F4BF2C21BB5000DB9E28 /* PartyRowView.swift */; };
		11A9A9A72C22084A00DD5317 /* Localizable.xcstrings in Resources */ = {isa = PBXBuildFile; fileRef = 11A9A9A62C22084A00DD5317 /* Localizable.xcstrings */; };
/* End PBXBuildFile section */

/* Begin PBXFileReference section */
		1135F49A2C216B4400DB9E28 /* VoteVault.app */ = {isa = PBXFileReference; explicitFileType = wrapper.application; includeInIndex = 0; path = VoteVault.app; sourceTree = BUILT_PRODUCTS_DIR; };
		1135F49D2C216B4400DB9E28 /* VoteVaultApp.swift */ = {isa = PBXFileReference; lastKnownFileType = sourcecode.swift; path = VoteVaultApp.swift; sourceTree = "<group>"; };
		1135F4A12C216B4500DB9E28 /* Assets.xcassets */ = {isa = PBXFileReference; lastKnownFileType = folder.assetcatalog; path = Assets.xcassets; sourceTree = "<group>"; };
		1135F4A42C216B4500DB9E28 /* Preview Assets.xcassets */ = {isa = PBXFileReference; lastKnownFileType = folder.assetcatalog; path = "Preview Assets.xcassets"; sourceTree = "<group>"; };
		1135F4AF2C216B8300DB9E28 /* HomeView.swift */ = {isa = PBXFileReference; lastKnownFileType = sourcecode.swift; path = HomeView.swift; sourceTree = "<group>"; };
		1135F4B12C217F8000DB9E28 /* DetailView.swift */ = {isa = PBXFileReference; lastKnownFileType = sourcecode.swift; path = DetailView.swift; sourceTree = "<group>"; };
		1135F4B42C21A7F700DB9E28 /* PartyModel.swift */ = {isa = PBXFileReference; lastKnownFileType = sourcecode.swift; path = PartyModel.swift; sourceTree = "<group>"; };
		1135F4B62C21A93800DB9E28 /* DetailViewModel.swift */ = {isa = PBXFileReference; lastKnownFileType = sourcecode.swift; path = DetailViewModel.swift; sourceTree = "<group>"; };
		1135F4B82C21AAD200DB9E28 /* PartyStore.swift */ = {isa = PBXFileReference; lastKnownFileType = sourcecode.swift; path = PartyStore.swift; sourceTree = "<group>"; };
		1135F4BF2C21BB5000DB9E28 /* PartyRowView.swift */ = {isa = PBXFileReference; lastKnownFileType = sourcecode.swift; path = PartyRowView.swift; sourceTree = "<group>"; };
		11A9A9A62C22084A00DD5317 /* Localizable.xcstrings */ = {isa = PBXFileReference; lastKnownFileType = text.json.xcstrings; path = Localizable.xcstrings; sourceTree = "<group>"; };
/* End PBXFileReference section */

/* Begin PBXFrameworksBuildPhase section */
		1135F4972C216B4400DB9E28 /* Frameworks */ = {
			isa = PBXFrameworksBuildPhase;
			buildActionMask = 2147483647;
			files = (
			);
			runOnlyForDeploymentPostprocessing = 0;
		};
/* End PBXFrameworksBuildPhase section */

/* Begin PBXGroup section */
		1135F4912C216B4400DB9E28 = {
			isa = PBXGroup;
			children = (
				1135F49C2C216B4400DB9E28 /* VoteVault */,
				1135F49B2C216B4400DB9E28 /* Products */,
			);
			sourceTree = "<group>";
		};
		1135F49B2C216B4400DB9E28 /* Products */ = {
			isa = PBXGroup;
			children = (
				1135F49A2C216B4400DB9E28 /* VoteVault.app */,
			);
			name = Products;
			sourceTree = "<group>";
		};
		1135F49C2C216B4400DB9E28 /* VoteVault */ = {
			isa = PBXGroup;
			children = (
				1135F49D2C216B4400DB9E28 /* VoteVaultApp.swift */,
				1135F4BE2C21BB4700DB9E28 /* Views */,
				1135F4AB2C216B5F00DB9E28 /* Screens */,
				1135F4B32C21A7E900DB9E28 /* Models */,
				1135F4A12C216B4500DB9E28 /* Assets.xcassets */,
				1135F4A32C216B4500DB9E28 /* Preview Content */,
				1135F4B82C21AAD200DB9E28 /* PartyStore.swift */,
				11A9A9A62C22084A00DD5317 /* Localizable.xcstrings */,
			);
			path = VoteVault;
			sourceTree = "<group>";
		};
		1135F4A32C216B4500DB9E28 /* Preview Content */ = {
			isa = PBXGroup;
			children = (
				1135F4A42C216B4500DB9E28 /* Preview Assets.xcassets */,
			);
			path = "Preview Content";
			sourceTree = "<group>";
		};
		1135F4AB2C216B5F00DB9E28 /* Screens */ = {
			isa = PBXGroup;
			children = (
				1135F4AD2C216B6B00DB9E28 /* Detail */,
				1135F4AC2C216B6700DB9E28 /* Home */,
				1135F4AE2C216B6F00DB9E28 /* Results */,
			);
			path = Screens;
			sourceTree = "<group>";
		};
		1135F4AC2C216B6700DB9E28 /* Home */ = {
			isa = PBXGroup;
			children = (
				1135F4AF2C216B8300DB9E28 /* HomeView.swift */,
			);
			path = Home;
			sourceTree = "<group>";
		};
		1135F4AD2C216B6B00DB9E28 /* Detail */ = {
			isa = PBXGroup;
			children = (
				1135F4B12C217F8000DB9E28 /* DetailView.swift */,
				1135F4B62C21A93800DB9E28 /* DetailViewModel.swift */,
			);
			path = Detail;
			sourceTree = "<group>";
		};
		1135F4AE2C216B6F00DB9E28 /* Results */ = {
			isa = PBXGroup;
			children = (
			);
			path = Results;
			sourceTree = "<group>";
		};
		1135F4B32C21A7E900DB9E28 /* Models */ = {
			isa = PBXGroup;
			children = (
				1135F4B42C21A7F700DB9E28 /* PartyModel.swift */,
			);
			path = Models;
			sourceTree = "<group>";
		};
		1135F4BE2C21BB4700DB9E28 /* Views */ = {
			isa = PBXGroup;
			children = (
				1135F4BF2C21BB5000DB9E28 /* PartyRowView.swift */,
			);
			path = Views;
			sourceTree = "<group>";
		};
/* End PBXGroup section */

/* Begin PBXNativeTarget section */
		1135F4992C216B4400DB9E28 /* VoteVault */ = {
			isa = PBXNativeTarget;
			buildConfigurationList = 1135F4A82C216B4500DB9E28 /* Build configuration list for PBXNativeTarget "VoteVault" */;
			buildPhases = (
				1135F4962C216B4400DB9E28 /* Sources */,
				1135F4972C216B4400DB9E28 /* Frameworks */,
				1135F4982C216B4400DB9E28 /* Resources */,
			);
			buildRules = (
			);
			dependencies = (
			);
			name = VoteVault;
			productName = VoteVault;
			productReference = 1135F49A2C216B4400DB9E28 /* VoteVault.app */;
			productType = "com.apple.product-type.application";
		};
/* End PBXNativeTarget section */

/* Begin PBXProject section */
		1135F4922C216B4400DB9E28 /* Project object */ = {
			isa = PBXProject;
			attributes = {
				BuildIndependentTargetsInParallel = 1;
				LastSwiftUpdateCheck = 1510;
				LastUpgradeCheck = 1510;
				TargetAttributes = {
					1135F4992C216B4400DB9E28 = {
						CreatedOnToolsVersion = 15.1;
					};
				};
			};
			buildConfigurationList = 1135F4952C216B4400DB9E28 /* Build configuration list for PBXProject "VoteVault" */;
			compatibilityVersion = "Xcode 14.0";
			developmentRegion = en;
			hasScannedForEncodings = 0;
			knownRegions = (
				en,
				Base,
				cs,
			);
			mainGroup = 1135F4912C216B4400DB9E28;
			productRefGroup = 1135F49B2C216B4400DB9E28 /* Products */;
			projectDirPath = "";
			projectRoot = "";
			targets = (
				1135F4992C216B4400DB9E28 /* VoteVault */,
			);
		};
/* End PBXProject section */

/* Begin PBXResourcesBuildPhase section */
		1135F4982C216B4400DB9E28 /* Resources */ = {
			isa = PBXResourcesBuildPhase;
			buildActionMask = 2147483647;
			files = (
				1135F4A52C216B4500DB9E28 /* Preview Assets.xcassets in Resources */,
				1135F4A22C216B4500DB9E28 /* Assets.xcassets in Resources */,
				11A9A9A72C22084A00DD5317 /* Localizable.xcstrings in Resources */,
			);
			runOnlyForDeploymentPostprocessing = 0;
		};
/* End PBXResourcesBuildPhase section */

/* Begin PBXSourcesBuildPhase section */
		1135F4962C216B4400DB9E28 /* Sources */ = {
			isa = PBXSourcesBuildPhase;
			buildActionMask = 2147483647;
			files = (
				1135F4B92C21AAD200DB9E28 /* PartyStore.swift in Sources */,
				1135F4B02C216B8300DB9E28 /* HomeView.swift in Sources */,
				1135F4B22C217F8000DB9E28 /* DetailView.swift in Sources */,
				1135F4B52C21A7F700DB9E28 /* PartyModel.swift in Sources */,
				1135F4C02C21BB5000DB9E28 /* PartyRowView.swift in Sources */,
				1135F4B72C21A93800DB9E28 /* DetailViewModel.swift in Sources */,
				1135F49E2C216B4400DB9E28 /* VoteVaultApp.swift in Sources */,
			);
			runOnlyForDeploymentPostprocessing = 0;
		};
/* End PBXSourcesBuildPhase section */

/* Begin XCBuildConfiguration section */
		1135F4A62C216B4500DB9E28 /* Debug */ = {
			isa = XCBuildConfiguration;
			buildSettings = {
				ALWAYS_SEARCH_USER_PATHS = NO;
				ASSETCATALOG_COMPILER_GENERATE_SWIFT_ASSET_SYMBOL_EXTENSIONS = YES;
				CLANG_ANALYZER_NONNULL = YES;
				CLANG_ANALYZER_NUMBER_OBJECT_CONVERSION = YES_AGGRESSIVE;
				CLANG_CXX_LANGUAGE_STANDARD = "gnu++20";
				CLANG_ENABLE_MODULES = YES;
				CLANG_ENABLE_OBJC_ARC = YES;
				CLANG_ENABLE_OBJC_WEAK = YES;
				CLANG_WARN_BLOCK_CAPTURE_AUTORELEASING = YES;
				CLANG_WARN_BOOL_CONVERSION = YES;
				CLANG_WARN_COMMA = YES;
				CLANG_WARN_CONSTANT_CONVERSION = YES;
				CLANG_WARN_DEPRECATED_OBJC_IMPLEMENTATIONS = YES;
				CLANG_WARN_DIRECT_OBJC_ISA_USAGE = YES_ERROR;
				CLANG_WARN_DOCUMENTATION_COMMENTS = YES;
				CLANG_WARN_EMPTY_BODY = YES;
				CLANG_WARN_ENUM_CONVERSION = YES;
				CLANG_WARN_INFINITE_RECURSION = YES;
				CLANG_WARN_INT_CONVERSION = YES;
				CLANG_WARN_NON_LITERAL_NULL_CONVERSION = YES;
				CLANG_WARN_OBJC_IMPLICIT_RETAIN_SELF = YES;
				CLANG_WARN_OBJC_LITERAL_CONVERSION = YES;
				CLANG_WARN_OBJC_ROOT_CLASS = YES_ERROR;
				CLANG_WARN_QUOTED_INCLUDE_IN_FRAMEWORK_HEADER = YES;
				CLANG_WARN_RANGE_LOOP_ANALYSIS = YES;
				CLANG_WARN_STRICT_PROTOTYPES = YES;
				CLANG_WARN_SUSPICIOUS_MOVE = YES;
				CLANG_WARN_UNGUARDED_AVAILABILITY = YES_AGGRESSIVE;
				CLANG_WARN_UNREACHABLE_CODE = YES;
				CLANG_WARN__DUPLICATE_METHOD_MATCH = YES;
				COPY_PHASE_STRIP = NO;
				DEBUG_INFORMATION_FORMAT = dwarf;
				ENABLE_STRICT_OBJC_MSGSEND = YES;
				ENABLE_TESTABILITY = YES;
				ENABLE_USER_SCRIPT_SANDBOXING = YES;
				GCC_C_LANGUAGE_STANDARD = gnu17;
				GCC_DYNAMIC_NO_PIC = NO;
				GCC_NO_COMMON_BLOCKS = YES;
				GCC_OPTIMIZATION_LEVEL = 0;
				GCC_PREPROCESSOR_DEFINITIONS = (
					"DEBUG=1",
					"$(inherited)",
				);
				GCC_WARN_64_TO_32_BIT_CONVERSION = YES;
				GCC_WARN_ABOUT_RETURN_TYPE = YES_ERROR;
				GCC_WARN_UNDECLARED_SELECTOR = YES;
				GCC_WARN_UNINITIALIZED_AUTOS = YES_AGGRESSIVE;
				GCC_WARN_UNUSED_FUNCTION = YES;
				GCC_WARN_UNUSED_VARIABLE = YES;
				IPHONEOS_DEPLOYMENT_TARGET = 17.2;
				LOCALIZATION_PREFERS_STRING_CATALOGS = YES;
				MTL_ENABLE_DEBUG_INFO = INCLUDE_SOURCE;
				MTL_FAST_MATH = YES;
				ONLY_ACTIVE_ARCH = YES;
				SDKROOT = iphoneos;
				SWIFT_ACTIVE_COMPILATION_CONDITIONS = "DEBUG $(inherited)";
				SWIFT_OPTIMIZATION_LEVEL = "-Onone";
			};
			name = Debug;
		};
		1135F4A72C216B4500DB9E28 /* Release */ = {
			isa = XCBuildConfiguration;
			buildSettings = {
				ALWAYS_SEARCH_USER_PATHS = NO;
				ASSETCATALOG_COMPILER_GENERATE_SWIFT_ASSET_SYMBOL_EXTENSIONS = YES;
				CLANG_ANALYZER_NONNULL = YES;
				CLANG_ANALYZER_NUMBER_OBJECT_CONVERSION = YES_AGGRESSIVE;
				CLANG_CXX_LANGUAGE_STANDARD = "gnu++20";
				CLANG_ENABLE_MODULES = YES;
				CLANG_ENABLE_OBJC_ARC = YES;
				CLANG_ENABLE_OBJC_WEAK = YES;
				CLANG_WARN_BLOCK_CAPTURE_AUTORELEASING = YES;
				CLANG_WARN_BOOL_CONVERSION = YES;
				CLANG_WARN_COMMA = YES;
				CLANG_WARN_CONSTANT_CONVERSION = YES;
				CLANG_WARN_DEPRECATED_OBJC_IMPLEMENTATIONS = YES;
				CLANG_WARN_DIRECT_OBJC_ISA_USAGE = YES_ERROR;
				CLANG_WARN_DOCUMENTATION_COMMENTS = YES;
				CLANG_WARN_EMPTY_BODY = YES;
				CLANG_WARN_ENUM_CONVERSION = YES;
				CLANG_WARN_INFINITE_RECURSION = YES;
				CLANG_WARN_INT_CONVERSION = YES;
				CLANG_WARN_NON_LITERAL_NULL_CONVERSION = YES;
				CLANG_WARN_OBJC_IMPLICIT_RETAIN_SELF = YES;
				CLANG_WARN_OBJC_LITERAL_CONVERSION = YES;
				CLANG_WARN_OBJC_ROOT_CLASS = YES_ERROR;
				CLANG_WARN_QUOTED_INCLUDE_IN_FRAMEWORK_HEADER = YES;
				CLANG_WARN_RANGE_LOOP_ANALYSIS = YES;
				CLANG_WARN_STRICT_PROTOTYPES = YES;
				CLANG_WARN_SUSPICIOUS_MOVE = YES;
				CLANG_WARN_UNGUARDED_AVAILABILITY = YES_AGGRESSIVE;
				CLANG_WARN_UNREACHABLE_CODE = YES;
				CLANG_WARN__DUPLICATE_METHOD_MATCH = YES;
				COPY_PHASE_STRIP = NO;
				DEBUG_INFORMATION_FORMAT = "dwarf-with-dsym";
				ENABLE_NS_ASSERTIONS = NO;
				ENABLE_STRICT_OBJC_MSGSEND = YES;
				ENABLE_USER_SCRIPT_SANDBOXING = YES;
				GCC_C_LANGUAGE_STANDARD = gnu17;
				GCC_NO_COMMON_BLOCKS = YES;
				GCC_WARN_64_TO_32_BIT_CONVERSION = YES;
				GCC_WARN_ABOUT_RETURN_TYPE = YES_ERROR;
				GCC_WARN_UNDECLARED_SELECTOR = YES;
				GCC_WARN_UNINITIALIZED_AUTOS = YES_AGGRESSIVE;
				GCC_WARN_UNUSED_FUNCTION = YES;
				GCC_WARN_UNUSED_VARIABLE = YES;
				IPHONEOS_DEPLOYMENT_TARGET = 17.2;
				LOCALIZATION_PREFERS_STRING_CATALOGS = YES;
				MTL_ENABLE_DEBUG_INFO = NO;
				MTL_FAST_MATH = YES;
				SDKROOT = iphoneos;
				SWIFT_COMPILATION_MODE = wholemodule;
				VALIDATE_PRODUCT = YES;
			};
			name = Release;
		};
		1135F4A92C216B4500DB9E28 /* Debug */ = {
			isa = XCBuildConfiguration;
			buildSettings = {
				ASSETCATALOG_COMPILER_APPICON_NAME = AppIcon;
				ASSETCATALOG_COMPILER_GLOBAL_ACCENT_COLOR_NAME = AccentColor;
				CODE_SIGN_STYLE = Automatic;
				CURRENT_PROJECT_VERSION = 1;
				DEVELOPMENT_ASSET_PATHS = "\"VoteVault/Preview Content\"";
				DEVELOPMENT_TEAM = LSX73KEXNV;
				ENABLE_PREVIEWS = YES;
				GENERATE_INFOPLIST_FILE = YES;
				INFOPLIST_KEY_UIApplicationSceneManifest_Generation = YES;
				INFOPLIST_KEY_UIApplicationSupportsIndirectInputEvents = YES;
				INFOPLIST_KEY_UILaunchScreen_Generation = YES;
				INFOPLIST_KEY_UISupportedInterfaceOrientations_iPad = "UIInterfaceOrientationPortrait UIInterfaceOrientationPortraitUpsideDown UIInterfaceOrientationLandscapeLeft UIInterfaceOrientationLandscapeRight";
				INFOPLIST_KEY_UISupportedInterfaceOrientations_iPhone = "UIInterfaceOrientationPortrait UIInterfaceOrientationLandscapeLeft UIInterfaceOrientationLandscapeRight";
				LD_RUNPATH_SEARCH_PATHS = (
					"$(inherited)",
					"@executable_path/Frameworks",
				);
				MARKETING_VERSION = 1.0;
				PRODUCT_BUNDLE_IDENTIFIER = com.weebly.janecek.VoteVault;
				PRODUCT_NAME = "$(TARGET_NAME)";
				SWIFT_EMIT_LOC_STRINGS = YES;
				SWIFT_VERSION = 5.0;
				TARGETED_DEVICE_FAMILY = "1,2";
			};
			name = Debug;
		};
		1135F4AA2C216B4500DB9E28 /* Release */ = {
			isa = XCBuildConfiguration;
			buildSettings = {
				ASSETCATALOG_COMPILER_APPICON_NAME = AppIcon;
				ASSETCATALOG_COMPILER_GLOBAL_ACCENT_COLOR_NAME = AccentColor;
				CODE_SIGN_STYLE = Automatic;
				CURRENT_PROJECT_VERSION = 1;
				DEVELOPMENT_ASSET_PATHS = "\"VoteVault/Preview Content\"";
				DEVELOPMENT_TEAM = LSX73KEXNV;
				ENABLE_PREVIEWS = YES;
				GENERATE_INFOPLIST_FILE = YES;
				INFOPLIST_KEY_UIApplicationSceneManifest_Generation = YES;
				INFOPLIST_KEY_UIApplicationSupportsIndirectInputEvents = YES;
				INFOPLIST_KEY_UILaunchScreen_Generation = YES;
				INFOPLIST_KEY_UISupportedInterfaceOrientations_iPad = "UIInterfaceOrientationPortrait UIInterfaceOrientationPortraitUpsideDown UIInterfaceOrientationLandscapeLeft UIInterfaceOrientationLandscapeRight";
				INFOPLIST_KEY_UISupportedInterfaceOrientations_iPhone = "UIInterfaceOrientationPortrait UIInterfaceOrientationLandscapeLeft UIInterfaceOrientationLandscapeRight";
				LD_RUNPATH_SEARCH_PATHS = (
					"$(inherited)",
					"@executable_path/Frameworks",
				);
				MARKETING_VERSION = 1.0;
				PRODUCT_BUNDLE_IDENTIFIER = com.weebly.janecek.VoteVault;
				PRODUCT_NAME = "$(TARGET_NAME)";
				SWIFT_EMIT_LOC_STRINGS = YES;
				SWIFT_VERSION = 5.0;
				TARGETED_DEVICE_FAMILY = "1,2";
			};
			name = Release;
		};
/* End XCBuildConfiguration section */

/* Begin XCConfigurationList section */
		1135F4952C216B4400DB9E28 /* Build configuration list for PBXProject "VoteVault" */ = {
			isa = XCConfigurationList;
			buildConfigurations = (
				1135F4A62C216B4500DB9E28 /* Debug */,
				1135F4A72C216B4500DB9E28 /* Release */,
			);
			defaultConfigurationIsVisible = 0;
			defaultConfigurationName = Release;
		};
		1135F4A82C216B4500DB9E28 /* Build configuration list for PBXNativeTarget "VoteVault" */ = {
			isa = XCConfigurationList;
			buildConfigurations = (
				1135F4A92C216B4500DB9E28 /* Debug */,
				1135F4AA2C216B4500DB9E28 /* Release */,
			);
			defaultConfigurationIsVisible = 0;
			defaultConfigurationName = Release;
		};
/* End XCConfigurationList section */
	};
	rootObject = 1135F4922C216B4400DB9E28 /* Project object */;
}
